
Microsoft Visual Studio Solution File, Format Version 12.00
# Visual Studio Version 17
VisualStudioVersion = 17.9.34728.123
MinimumVisualStudioVersion = 10.0.40219.1
Project("{FAE04EC0-301F-11D3-BF4B-00C04F79EFBC}") = "aula6-vetor-fibonacci", "aula6-vetor-fibonacci\aula6-vetor-fibonacci.csproj", "{94ACEA3C-832A-4675-A412-B32D8536772A}"
EndProject
Global
	GlobalSection(SolutionConfigurationPlatforms) = preSolution
		Debug|Any CPU = Debug|Any CPU
		Release|Any CPU = Release|Any CPU
	EndGlobalSection
	GlobalSection(ProjectConfigurationPlatforms) = postSolution
		{94ACEA3C-832A-4675-A412-B32D8536772A}.Debug|Any CPU.ActiveCfg = Debug|Any CPU
		{94ACEA3C-832A-4675-A412-B32D8536772A}.Debug|Any CPU.Build.0 = Debug|Any CPU
		{94ACEA3C-832A-4675-A412-B32D8536772A}.Release|Any CPU.ActiveCfg = Release|Any CPU
		{94ACEA3C-832A-4675-A412-B32D8536772A}.Release|Any CPU.Build.0 = Release|Any CPU
	EndGlobalSection
	GlobalSection(SolutionProperties) = preSolution
		HideSolutionNode = FALSE
	EndGlobalSection
	GlobalSection(ExtensibilityGlobals) = postSolution
		SolutionGuid = {D2E51585-37E0-4EF5-85DF-F2FF333EA74C}
	EndGlobalSection
EndGlobal
